// !$*UTF8*$!
{
	archiveVersion = 1;
	classes = {
	};
	objectVersion = 46;
	objects = {

/* Begin PBXBuildFile section */
		1208CD2A1D56568900EEF923 /* MainViewController.swift in Sources */ = {isa = PBXBuildFile; fileRef = 1208CD291D56568900EEF923 /* MainViewController.swift */; };
		1208CD2C1D5656B400EEF923 /* LoginViewController.swift in Sources */ = {isa = PBXBuildFile; fileRef = 1208CD2B1D5656B400EEF923 /* LoginViewController.swift */; };
		1208CD2E1D565D2200EEF923 /* AddNewViewController.swift in Sources */ = {isa = PBXBuildFile; fileRef = 1208CD2D1D565D2200EEF923 /* AddNewViewController.swift */; };
		1228D59B1D563CF0002C5EE9 /* AppDelegate.swift in Sources */ = {isa = PBXBuildFile; fileRef = 1228D59A1D563CF0002C5EE9 /* AppDelegate.swift */; };
		1228D59D1D563CF0002C5EE9 /* RootViewController.swift in Sources */ = {isa = PBXBuildFile; fileRef = 1228D59C1D563CF0002C5EE9 /* RootViewController.swift */; };
		1228D59F1D563CF0002C5EE9 /* DataViewController.swift in Sources */ = {isa = PBXBuildFile; fileRef = 1228D59E1D563CF0002C5EE9 /* DataViewController.swift */; };
		1228D5A11D563CF0002C5EE9 /* ModelController.swift in Sources */ = {isa = PBXBuildFile; fileRef = 1228D5A01D563CF0002C5EE9 /* ModelController.swift */; };
		1228D5A41D563CF0002C5EE9 /* Main.storyboard in Resources */ = {isa = PBXBuildFile; fileRef = 1228D5A21D563CF0002C5EE9 /* Main.storyboard */; };
		1228D5A61D563CF0002C5EE9 /* Assets.xcassets in Resources */ = {isa = PBXBuildFile; fileRef = 1228D5A51D563CF0002C5EE9 /* Assets.xcassets */; };
		1228D5A91D563CF0002C5EE9 /* LaunchScreen.storyboard in Resources */ = {isa = PBXBuildFile; fileRef = 1228D5A71D563CF0002C5EE9 /* LaunchScreen.storyboard */; };
		1228D5B41D563CF0002C5EE9 /* This_or_ThisTests.swift in Sources */ = {isa = PBXBuildFile; fileRef = 1228D5B31D563CF0002C5EE9 /* This_or_ThisTests.swift */; };
		1228D5BF1D563CF0002C5EE9 /* This_or_ThisUITests.swift in Sources */ = {isa = PBXBuildFile; fileRef = 1228D5BE1D563CF0002C5EE9 /* This_or_ThisUITests.swift */; };
		1228D5CD1D563D91002C5EE9 /* GoogleService-Info.plist in Resources */ = {isa = PBXBuildFile; fileRef = 1228D5CC1D563D91002C5EE9 /* GoogleService-Info.plist */; };
		1228D5CE1D563D91002C5EE9 /* GoogleService-Info.plist in Resources */ = {isa = PBXBuildFile; fileRef = 1228D5CC1D563D91002C5EE9 /* GoogleService-Info.plist */; };
		1228D5CF1D563D91002C5EE9 /* GoogleService-Info.plist in Resources */ = {isa = PBXBuildFile; fileRef = 1228D5CC1D563D91002C5EE9 /* GoogleService-Info.plist */; };
		122E6FAD1D573EEB009A4452 /* BarChartViewController.swift in Sources */ = {isa = PBXBuildFile; fileRef = 122E6FAC1D573EEB009A4452 /* BarChartViewController.swift */; };
		4C1FC8651D57819100C7C316 /* loading.png in Resources */ = {isa = PBXBuildFile; fileRef = 4C1FC8641D57819100C7C316 /* loading.png */; };
		4FFCACF4687995F5F441E815 /* Pods_This_or_This.framework in Frameworks */ = {isa = PBXBuildFile; fileRef = DF09F3BDE6730115ACDF60A1 /* Pods_This_or_This.framework */; };
/* End PBXBuildFile section */

/* Begin PBXContainerItemProxy section */
		1208CD341D566FED00EEF923 /* PBXContainerItemProxy */ = {
			isa = PBXContainerItemProxy;
			containerPortal = 1208CD2F1D566FEC00EEF923 /* Pods.xcodeproj */;
			proxyType = 2;
			remoteGlobalIDString = E7E96EDC96082241D344A345288DD425;
			remoteInfo = Alamofire;
		};
		1208CD361D566FED00EEF923 /* PBXContainerItemProxy */ = {
			isa = PBXContainerItemProxy;
			containerPortal = 1208CD2F1D566FEC00EEF923 /* Pods.xcodeproj */;
			proxyType = 2;
			remoteGlobalIDString = 52A362D08DE248C593B818DB61E6F137;
			remoteInfo = "Pods-This_or_This";
		};
		1228D5B01D563CF0002C5EE9 /* PBXContainerItemProxy */ = {
			isa = PBXContainerItemProxy;
			containerPortal = 1228D58F1D563CF0002C5EE9 /* Project object */;
			proxyType = 1;
			remoteGlobalIDString = 1228D5961D563CF0002C5EE9;
			remoteInfo = This_or_This;
		};
		1228D5BB1D563CF0002C5EE9 /* PBXContainerItemProxy */ = {
			isa = PBXContainerItemProxy;
			containerPortal = 1228D58F1D563CF0002C5EE9 /* Project object */;
			proxyType = 1;
			remoteGlobalIDString = 1228D5961D563CF0002C5EE9;
			remoteInfo = This_or_This;
		};
		122E6FB21D573EEB009A4452 /* PBXContainerItemProxy */ = {
			isa = PBXContainerItemProxy;
			containerPortal = 1208CD2F1D566FEC00EEF923 /* Pods.xcodeproj */;
			proxyType = 2;
			remoteGlobalIDString = C545493B7DA99C0DEBE3AF4A0BC1E041;
			remoteInfo = Charts;
		};
		12C210AE1D57231600CACD54 /* PBXContainerItemProxy */ = {
			isa = PBXContainerItemProxy;
			containerPortal = 1208CD2F1D566FEC00EEF923 /* Pods.xcodeproj */;
			proxyType = 2;
			remoteGlobalIDString = C813B6A36D488145DCCEFA902A8D7C4C;
			remoteInfo = SwiftyJSON;
		};
/* End PBXContainerItemProxy section */

/* Begin PBXFileReference section */
		1208CD291D56568900EEF923 /* MainViewController.swift */ = {isa = PBXFileReference; fileEncoding = 4; lastKnownFileType = sourcecode.swift; name = MainViewController.swift; path = ../MainViewController.swift; sourceTree = "<group>"; };
		1208CD2B1D5656B400EEF923 /* LoginViewController.swift */ = {isa = PBXFileReference; fileEncoding = 4; lastKnownFileType = sourcecode.swift; path = LoginViewController.swift; sourceTree = "<group>"; };
		1208CD2D1D565D2200EEF923 /* AddNewViewController.swift */ = {isa = PBXFileReference; fileEncoding = 4; lastKnownFileType = sourcecode.swift; path = AddNewViewController.swift; sourceTree = "<group>"; };
		1208CD2F1D566FEC00EEF923 /* Pods.xcodeproj */ = {isa = PBXFileReference; lastKnownFileType = "wrapper.pb-project"; name = Pods.xcodeproj; path = Pods/Pods.xcodeproj; sourceTree = "<group>"; };
		1228D5971D563CF0002C5EE9 /* This_or_This.app */ = {isa = PBXFileReference; explicitFileType = wrapper.application; includeInIndex = 0; path = This_or_This.app; sourceTree = BUILT_PRODUCTS_DIR; };
		1228D59A1D563CF0002C5EE9 /* AppDelegate.swift */ = {isa = PBXFileReference; lastKnownFileType = sourcecode.swift; path = AppDelegate.swift; sourceTree = "<group>"; };
		1228D59C1D563CF0002C5EE9 /* RootViewController.swift */ = {isa = PBXFileReference; lastKnownFileType = sourcecode.swift; path = RootViewController.swift; sourceTree = "<group>"; };
		1228D59E1D563CF0002C5EE9 /* DataViewController.swift */ = {isa = PBXFileReference; lastKnownFileType = sourcecode.swift; path = DataViewController.swift; sourceTree = "<group>"; };
		1228D5A01D563CF0002C5EE9 /* ModelController.swift */ = {isa = PBXFileReference; lastKnownFileType = sourcecode.swift; path = ModelController.swift; sourceTree = "<group>"; };
		1228D5A31D563CF0002C5EE9 /* Base */ = {isa = PBXFileReference; lastKnownFileType = file.storyboard; name = Base; path = Base.lproj/Main.storyboard; sourceTree = "<group>"; };
		1228D5A51D563CF0002C5EE9 /* Assets.xcassets */ = {isa = PBXFileReference; lastKnownFileType = folder.assetcatalog; path = Assets.xcassets; sourceTree = "<group>"; };
		1228D5A81D563CF0002C5EE9 /* Base */ = {isa = PBXFileReference; lastKnownFileType = file.storyboard; name = Base; path = Base.lproj/LaunchScreen.storyboard; sourceTree = "<group>"; };
		1228D5AA1D563CF0002C5EE9 /* Info.plist */ = {isa = PBXFileReference; lastKnownFileType = text.plist.xml; path = Info.plist; sourceTree = "<group>"; };
		1228D5AF1D563CF0002C5EE9 /* This_or_ThisTests.xctest */ = {isa = PBXFileReference; explicitFileType = wrapper.cfbundle; includeInIndex = 0; path = This_or_ThisTests.xctest; sourceTree = BUILT_PRODUCTS_DIR; };
		1228D5B31D563CF0002C5EE9 /* This_or_ThisTests.swift */ = {isa = PBXFileReference; lastKnownFileType = sourcecode.swift; path = This_or_ThisTests.swift; sourceTree = "<group>"; };
		1228D5B51D563CF0002C5EE9 /* Info.plist */ = {isa = PBXFileReference; lastKnownFileType = text.plist.xml; path = Info.plist; sourceTree = "<group>"; };
		1228D5BA1D563CF0002C5EE9 /* This_or_ThisUITests.xctest */ = {isa = PBXFileReference; explicitFileType = wrapper.cfbundle; includeInIndex = 0; path = This_or_ThisUITests.xctest; sourceTree = BUILT_PRODUCTS_DIR; };
		1228D5BE1D563CF0002C5EE9 /* This_or_ThisUITests.swift */ = {isa = PBXFileReference; lastKnownFileType = sourcecode.swift; path = This_or_ThisUITests.swift; sourceTree = "<group>"; };
		1228D5C01D563CF0002C5EE9 /* Info.plist */ = {isa = PBXFileReference; lastKnownFileType = text.plist.xml; path = Info.plist; sourceTree = "<group>"; };
		1228D5CC1D563D91002C5EE9 /* GoogleService-Info.plist */ = {isa = PBXFileReference; fileEncoding = 4; lastKnownFileType = text.plist.xml; name = "GoogleService-Info.plist"; path = "../GoogleService-Info.plist"; sourceTree = "<group>"; };
		122E6FAC1D573EEB009A4452 /* BarChartViewController.swift */ = {isa = PBXFileReference; fileEncoding = 4; lastKnownFileType = sourcecode.swift; path = BarChartViewController.swift; sourceTree = "<group>"; };
		27B9B4E58BF8CA674C1FA941 /* Pods-This_or_This.release.xcconfig */ = {isa = PBXFileReference; includeInIndex = 1; lastKnownFileType = text.xcconfig; name = "Pods-This_or_This.release.xcconfig"; path = "Pods/Target Support Files/Pods-This_or_This/Pods-This_or_This.release.xcconfig"; sourceTree = "<group>"; };
		40485D60A8231639FCBC2EC4 /* Pods-This_or_This.debug.xcconfig */ = {isa = PBXFileReference; includeInIndex = 1; lastKnownFileType = text.xcconfig; name = "Pods-This_or_This.debug.xcconfig"; path = "Pods/Target Support Files/Pods-This_or_This/Pods-This_or_This.debug.xcconfig"; sourceTree = "<group>"; };
		4C1FC8641D57819100C7C316 /* loading.png */ = {isa = PBXFileReference; lastKnownFileType = image.png; name = loading.png; path = ../../../Downloads/loading.png; sourceTree = "<group>"; };
		5CE394D050341F1A157DFDBC /* Pods_This_or_ThisTests.framework */ = {isa = PBXFileReference; explicitFileType = wrapper.framework; includeInIndex = 0; path = Pods_This_or_ThisTests.framework; sourceTree = BUILT_PRODUCTS_DIR; };
		64076DDF9829AD1BCD5E2B18 /* Pods_This_or_ThisUITests.framework */ = {isa = PBXFileReference; explicitFileType = wrapper.framework; includeInIndex = 0; path = Pods_This_or_ThisUITests.framework; sourceTree = BUILT_PRODUCTS_DIR; };
		DF09F3BDE6730115ACDF60A1 /* Pods_This_or_This.framework */ = {isa = PBXFileReference; explicitFileType = wrapper.framework; includeInIndex = 0; path = Pods_This_or_This.framework; sourceTree = BUILT_PRODUCTS_DIR; };
/* End PBXFileReference section */

/* Begin PBXFrameworksBuildPhase section */
		1228D5941D563CF0002C5EE9 /* Frameworks */ = {
			isa = PBXFrameworksBuildPhase;
			buildActionMask = 2147483647;
			files = (
				4FFCACF4687995F5F441E815 /* Pods_This_or_This.framework in Frameworks */,
			);
			runOnlyForDeploymentPostprocessing = 0;
		};
		1228D5AC1D563CF0002C5EE9 /* Frameworks */ = {
			isa = PBXFrameworksBuildPhase;
			buildActionMask = 2147483647;
			files = (
			);
			runOnlyForDeploymentPostprocessing = 0;
		};
		1228D5B71D563CF0002C5EE9 /* Frameworks */ = {
			isa = PBXFrameworksBuildPhase;
			buildActionMask = 2147483647;
			files = (
			);
			runOnlyForDeploymentPostprocessing = 0;
		};
/* End PBXFrameworksBuildPhase section */

/* Begin PBXGroup section */
		1208CD301D566FEC00EEF923 /* Products */ = {
			isa = PBXGroup;
			children = (
				1208CD351D566FED00EEF923 /* Alamofire.framework */,
				122E6FB31D573EEB009A4452 /* Charts.framework */,
				1208CD371D566FED00EEF923 /* Pods_This_or_This.framework */,
				12C210AF1D57231600CACD54 /* SwiftyJSON.framework */,
			);
			name = Products;
			sourceTree = "<group>";
		};
		1228D58E1D563CF0002C5EE9 = {
			isa = PBXGroup;
			children = (
				1208CD2F1D566FEC00EEF923 /* Pods.xcodeproj */,
				1228D5991D563CF0002C5EE9 /* This_or_This */,
				1228D5B21D563CF0002C5EE9 /* This_or_ThisTests */,
				1228D5BD1D563CF0002C5EE9 /* This_or_ThisUITests */,
				1228D5981D563CF0002C5EE9 /* Products */,
				2ECCFCBE3A74827D4EFB7C11 /* Pods */,
				87A98ADA9118921839FE9720 /* Frameworks */,
			);
			sourceTree = "<group>";
		};
		1228D5981D563CF0002C5EE9 /* Products */ = {
			isa = PBXGroup;
			children = (
				1228D5971D563CF0002C5EE9 /* This_or_This.app */,
				1228D5AF1D563CF0002C5EE9 /* This_or_ThisTests.xctest */,
				1228D5BA1D563CF0002C5EE9 /* This_or_ThisUITests.xctest */,
			);
			name = Products;
			sourceTree = "<group>";
		};
		1228D5991D563CF0002C5EE9 /* This_or_This */ = {
			isa = PBXGroup;
			children = (
				4C1FC8641D57819100C7C316 /* loading.png */,
				4C1FC86A1D57830C00C7C316 /* resources */,
				1208CD291D56568900EEF923 /* MainViewController.swift */,
				122E6FAC1D573EEB009A4452 /* BarChartViewController.swift */,
				1208CD2D1D565D2200EEF923 /* AddNewViewController.swift */,
				1228D5CC1D563D91002C5EE9 /* GoogleService-Info.plist */,
				1228D59A1D563CF0002C5EE9 /* AppDelegate.swift */,
				1228D59C1D563CF0002C5EE9 /* RootViewController.swift */,
				1228D59E1D563CF0002C5EE9 /* DataViewController.swift */,
				1228D5A01D563CF0002C5EE9 /* ModelController.swift */,
				1228D5A21D563CF0002C5EE9 /* Main.storyboard */,
				1208CD2B1D5656B400EEF923 /* LoginViewController.swift */,
				1228D5A51D563CF0002C5EE9 /* Assets.xcassets */,
				1228D5A71D563CF0002C5EE9 /* LaunchScreen.storyboard */,
				1228D5AA1D563CF0002C5EE9 /* Info.plist */,
			);
			path = This_or_This;
			sourceTree = "<group>";
		};
		1228D5B21D563CF0002C5EE9 /* This_or_ThisTests */ = {
			isa = PBXGroup;
			children = (
				1228D5B31D563CF0002C5EE9 /* This_or_ThisTests.swift */,
				1228D5B51D563CF0002C5EE9 /* Info.plist */,
			);
			path = This_or_ThisTests;
			sourceTree = "<group>";
		};
		1228D5BD1D563CF0002C5EE9 /* This_or_ThisUITests */ = {
			isa = PBXGroup;
			children = (
				1228D5BE1D563CF0002C5EE9 /* This_or_ThisUITests.swift */,
				1228D5C01D563CF0002C5EE9 /* Info.plist */,
			);
			path = This_or_ThisUITests;
			sourceTree = "<group>";
		};
		2ECCFCBE3A74827D4EFB7C11 /* Pods */ = {
			isa = PBXGroup;
			children = (
				40485D60A8231639FCBC2EC4 /* Pods-This_or_This.debug.xcconfig */,
				27B9B4E58BF8CA674C1FA941 /* Pods-This_or_This.release.xcconfig */,
			);
			name = Pods;
			sourceTree = "<group>";
		};
		4C1FC86A1D57830C00C7C316 /* resources */ = {
			isa = PBXGroup;
			children = (
			);
			name = resources;
			sourceTree = "<group>";
		};
		87A98ADA9118921839FE9720 /* Frameworks */ = {
			isa = PBXGroup;
			children = (
				DF09F3BDE6730115ACDF60A1 /* Pods_This_or_This.framework */,
				5CE394D050341F1A157DFDBC /* Pods_This_or_ThisTests.framework */,
				64076DDF9829AD1BCD5E2B18 /* Pods_This_or_ThisUITests.framework */,
			);
			name = Frameworks;
			sourceTree = "<group>";
		};
/* End PBXGroup section */

/* Begin PBXNativeTarget section */
		1228D5961D563CF0002C5EE9 /* This_or_This */ = {
			isa = PBXNativeTarget;
			buildConfigurationList = 1228D5C31D563CF0002C5EE9 /* Build configuration list for PBXNativeTarget "This_or_This" */;
			buildPhases = (
				6BF502946738812CBA6DF54B /* [CP] Check Pods Manifest.lock */,
				1228D5931D563CF0002C5EE9 /* Sources */,
				1228D5941D563CF0002C5EE9 /* Frameworks */,
				1228D5951D563CF0002C5EE9 /* Resources */,
				829088A5F991B195660DFE91 /* [CP] Embed Pods Frameworks */,
				DAD1A2CF8B72D5F6A53DC0D7 /* [CP] Copy Pods Resources */,
			);
			buildRules = (
			);
			dependencies = (
			);
			name = This_or_This;
			productName = This_or_This;
			productReference = 1228D5971D563CF0002C5EE9 /* This_or_This.app */;
			productType = "com.apple.product-type.application";
		};
		1228D5AE1D563CF0002C5EE9 /* This_or_ThisTests */ = {
			isa = PBXNativeTarget;
			buildConfigurationList = 1228D5C61D563CF0002C5EE9 /* Build configuration list for PBXNativeTarget "This_or_ThisTests" */;
			buildPhases = (
				63C325A84DAB6C5DAC5B565B /* [CP] Check Pods Manifest.lock */,
				1228D5AB1D563CF0002C5EE9 /* Sources */,
				1228D5AC1D563CF0002C5EE9 /* Frameworks */,
				1228D5AD1D563CF0002C5EE9 /* Resources */,
				030891834C5AAA07928F682B /* [CP] Embed Pods Frameworks */,
				FED895817BFC1F70257313DE /* [CP] Copy Pods Resources */,
			);
			buildRules = (
			);
			dependencies = (
				1228D5B11D563CF0002C5EE9 /* PBXTargetDependency */,
			);
			name = This_or_ThisTests;
			productName = This_or_ThisTests;
			productReference = 1228D5AF1D563CF0002C5EE9 /* This_or_ThisTests.xctest */;
			productType = "com.apple.product-type.bundle.unit-test";
		};
		1228D5B91D563CF0002C5EE9 /* This_or_ThisUITests */ = {
			isa = PBXNativeTarget;
			buildConfigurationList = 1228D5C91D563CF0002C5EE9 /* Build configuration list for PBXNativeTarget "This_or_ThisUITests" */;
			buildPhases = (
				BB7D99E0717D17E963922EB0 /* [CP] Check Pods Manifest.lock */,
				1228D5B61D563CF0002C5EE9 /* Sources */,
				1228D5B71D563CF0002C5EE9 /* Frameworks */,
				1228D5B81D563CF0002C5EE9 /* Resources */,
				5417BE17D32BB4E7A6310DB0 /* [CP] Copy Pods Resources */,
			);
			buildRules = (
			);
			dependencies = (
				1228D5BC1D563CF0002C5EE9 /* PBXTargetDependency */,
			);
			name = This_or_ThisUITests;
			productName = This_or_ThisUITests;
			productReference = 1228D5BA1D563CF0002C5EE9 /* This_or_ThisUITests.xctest */;
			productType = "com.apple.product-type.bundle.ui-testing";
		};
/* End PBXNativeTarget section */

/* Begin PBXProject section */
		1228D58F1D563CF0002C5EE9 /* Project object */ = {
			isa = PBXProject;
			attributes = {
				LastSwiftUpdateCheck = 0720;
				LastUpgradeCheck = 0720;
				ORGANIZATIONNAME = "John Herrick";
				TargetAttributes = {
					1228D5961D563CF0002C5EE9 = {
						CreatedOnToolsVersion = 7.2.1;
						DevelopmentTeam = 3F72TGZN6H;
					};
					1228D5AE1D563CF0002C5EE9 = {
						CreatedOnToolsVersion = 7.2.1;
						TestTargetID = 1228D5961D563CF0002C5EE9;
					};
					1228D5B91D563CF0002C5EE9 = {
						CreatedOnToolsVersion = 7.2.1;
						TestTargetID = 1228D5961D563CF0002C5EE9;
					};
				};
			};
			buildConfigurationList = 1228D5921D563CF0002C5EE9 /* Build configuration list for PBXProject "This_or_This" */;
			compatibilityVersion = "Xcode 3.2";
			developmentRegion = English;
			hasScannedForEncodings = 0;
			knownRegions = (
				en,
				Base,
			);
			mainGroup = 1228D58E1D563CF0002C5EE9;
			productRefGroup = 1228D5981D563CF0002C5EE9 /* Products */;
			projectDirPath = "";
			projectReferences = (
				{
					ProductGroup = 1208CD301D566FEC00EEF923 /* Products */;
					ProjectRef = 1208CD2F1D566FEC00EEF923 /* Pods.xcodeproj */;
				},
			);
			projectRoot = "";
			targets = (
				1228D5961D563CF0002C5EE9 /* This_or_This */,
				1228D5AE1D563CF0002C5EE9 /* This_or_ThisTests */,
				1228D5B91D563CF0002C5EE9 /* This_or_ThisUITests */,
			);
		};
/* End PBXProject section */

/* Begin PBXReferenceProxy section */
		1208CD351D566FED00EEF923 /* Alamofire.framework */ = {
			isa = PBXReferenceProxy;
			fileType = wrapper.framework;
			path = Alamofire.framework;
			remoteRef = 1208CD341D566FED00EEF923 /* PBXContainerItemProxy */;
			sourceTree = BUILT_PRODUCTS_DIR;
		};
		1208CD371D566FED00EEF923 /* Pods_This_or_This.framework */ = {
			isa = PBXReferenceProxy;
			fileType = wrapper.framework;
			path = Pods_This_or_This.framework;
			remoteRef = 1208CD361D566FED00EEF923 /* PBXContainerItemProxy */;
			sourceTree = BUILT_PRODUCTS_DIR;
		};
		122E6FB31D573EEB009A4452 /* Charts.framework */ = {
			isa = PBXReferenceProxy;
			fileType = wrapper.framework;
			path = Charts.framework;
			remoteRef = 122E6FB21D573EEB009A4452 /* PBXContainerItemProxy */;
			sourceTree = BUILT_PRODUCTS_DIR;
		};
		12C210AF1D57231600CACD54 /* SwiftyJSON.framework */ = {
			isa = PBXReferenceProxy;
			fileType = wrapper.framework;
			path = SwiftyJSON.framework;
			remoteRef = 12C210AE1D57231600CACD54 /* PBXContainerItemProxy */;
			sourceTree = BUILT_PRODUCTS_DIR;
		};
/* End PBXReferenceProxy section */

/* Begin PBXResourcesBuildPhase section */
		1228D5951D563CF0002C5EE9 /* Resources */ = {
			isa = PBXResourcesBuildPhase;
			buildActionMask = 2147483647;
			files = (
				4C1FC8651D57819100C7C316 /* loading.png in Resources */,
				1228D5A91D563CF0002C5EE9 /* LaunchScreen.storyboard in Resources */,
				1228D5CD1D563D91002C5EE9 /* GoogleService-Info.plist in Resources */,
				1228D5A61D563CF0002C5EE9 /* Assets.xcassets in Resources */,
				1228D5A41D563CF0002C5EE9 /* Main.storyboard in Resources */,
			);
			runOnlyForDeploymentPostprocessing = 0;
		};
		1228D5AD1D563CF0002C5EE9 /* Resources */ = {
			isa = PBXResourcesBuildPhase;
			buildActionMask = 2147483647;
			files = (
				1228D5CE1D563D91002C5EE9 /* GoogleService-Info.plist in Resources */,
			);
			runOnlyForDeploymentPostprocessing = 0;
		};
		1228D5B81D563CF0002C5EE9 /* Resources */ = {
			isa = PBXResourcesBuildPhase;
			buildActionMask = 2147483647;
			files = (
				1228D5CF1D563D91002C5EE9 /* GoogleService-Info.plist in Resources */,
			);
			runOnlyForDeploymentPostprocessing = 0;
		};
/* End PBXResourcesBuildPhase section */

/* Begin PBXShellScriptBuildPhase section */
		030891834C5AAA07928F682B /* [CP] Embed Pods Frameworks */ = {
			isa = PBXShellScriptBuildPhase;
			buildActionMask = 2147483647;
			files = (
			);
			inputPaths = (
			);
			name = "[CP] Embed Pods Frameworks";
			outputPaths = (
			);
			runOnlyForDeploymentPostprocessing = 0;
			shellPath = /bin/sh;
			shellScript = "\"${SRCROOT}/Pods/Target Support Files/Pods-This_or_ThisTests/Pods-This_or_ThisTests-frameworks.sh\"\n";
			showEnvVarsInLog = 0;
		};
		5417BE17D32BB4E7A6310DB0 /* [CP] Copy Pods Resources */ = {
			isa = PBXShellScriptBuildPhase;
			buildActionMask = 2147483647;
			files = (
			);
			inputPaths = (
			);
			name = "[CP] Copy Pods Resources";
			outputPaths = (
			);
			runOnlyForDeploymentPostprocessing = 0;
			shellPath = /bin/sh;
			shellScript = "\"${SRCROOT}/Pods/Target Support Files/Pods-This_or_ThisUITests/Pods-This_or_ThisUITests-resources.sh\"\n";
			showEnvVarsInLog = 0;
		};
		63C325A84DAB6C5DAC5B565B /* [CP] Check Pods Manifest.lock */ = {
			isa = PBXShellScriptBuildPhase;
			buildActionMask = 2147483647;
			files = (
			);
			inputPaths = (
			);
			name = "[CP] Check Pods Manifest.lock";
			outputPaths = (
			);
			runOnlyForDeploymentPostprocessing = 0;
			shellPath = /bin/sh;
			shellScript = "diff \"${PODS_ROOT}/../Podfile.lock\" \"${PODS_ROOT}/Manifest.lock\" > /dev/null\nif [[ $? != 0 ]] ; then\n    cat << EOM\nerror: The sandbox is not in sync with the Podfile.lock. Run 'pod install' or update your CocoaPods installation.\nEOM\n    exit 1\nfi\n";
			showEnvVarsInLog = 0;
		};
		6BF502946738812CBA6DF54B /* [CP] Check Pods Manifest.lock */ = {
			isa = PBXShellScriptBuildPhase;
			buildActionMask = 2147483647;
			files = (
			);
			inputPaths = (
			);
			name = "[CP] Check Pods Manifest.lock";
			outputPaths = (
			);
			runOnlyForDeploymentPostprocessing = 0;
			shellPath = /bin/sh;
			shellScript = "diff \"${PODS_ROOT}/../Podfile.lock\" \"${PODS_ROOT}/Manifest.lock\" > /dev/null\nif [[ $? != 0 ]] ; then\n    cat << EOM\nerror: The sandbox is not in sync with the Podfile.lock. Run 'pod install' or update your CocoaPods installation.\nEOM\n    exit 1\nfi\n";
			showEnvVarsInLog = 0;
		};
		829088A5F991B195660DFE91 /* [CP] Embed Pods Frameworks */ = {
			isa = PBXShellScriptBuildPhase;
			buildActionMask = 2147483647;
			files = (
			);
			inputPaths = (
			);
			name = "[CP] Embed Pods Frameworks";
			outputPaths = (
			);
			runOnlyForDeploymentPostprocessing = 0;
			shellPath = /bin/sh;
			shellScript = "\"${SRCROOT}/Pods/Target Support Files/Pods-This_or_This/Pods-This_or_This-frameworks.sh\"\n";
			showEnvVarsInLog = 0;
		};
		BB7D99E0717D17E963922EB0 /* [CP] Check Pods Manifest.lock */ = {
			isa = PBXShellScriptBuildPhase;
			buildActionMask = 2147483647;
			files = (
			);
			inputPaths = (
			);
			name = "[CP] Check Pods Manifest.lock";
			outputPaths = (
			);
			runOnlyForDeploymentPostprocessing = 0;
			shellPath = /bin/sh;
			shellScript = "diff \"${PODS_ROOT}/../Podfile.lock\" \"${PODS_ROOT}/Manifest.lock\" > /dev/null\nif [[ $? != 0 ]] ; then\n    cat << EOM\nerror: The sandbox is not in sync with the Podfile.lock. Run 'pod install' or update your CocoaPods installation.\nEOM\n    exit 1\nfi\n";
			showEnvVarsInLog = 0;
		};
		DAD1A2CF8B72D5F6A53DC0D7 /* [CP] Copy Pods Resources */ = {
			isa = PBXShellScriptBuildPhase;
			buildActionMask = 2147483647;
			files = (
			);
			inputPaths = (
			);
			name = "[CP] Copy Pods Resources";
			outputPaths = (
			);
			runOnlyForDeploymentPostprocessing = 0;
			shellPath = /bin/sh;
			shellScript = "\"${SRCROOT}/Pods/Target Support Files/Pods-This_or_This/Pods-This_or_This-resources.sh\"\n";
			showEnvVarsInLog = 0;
		};
		FED895817BFC1F70257313DE /* [CP] Copy Pods Resources */ = {
			isa = PBXShellScriptBuildPhase;
			buildActionMask = 2147483647;
			files = (
			);
			inputPaths = (
			);
			name = "[CP] Copy Pods Resources";
			outputPaths = (
			);
			runOnlyForDeploymentPostprocessing = 0;
			shellPath = /bin/sh;
			shellScript = "\"${SRCROOT}/Pods/Target Support Files/Pods-This_or_ThisTests/Pods-This_or_ThisTests-resources.sh\"\n";
			showEnvVarsInLog = 0;
		};
/* End PBXShellScriptBuildPhase section */

/* Begin PBXSourcesBuildPhase section */
		1228D5931D563CF0002C5EE9 /* Sources */ = {
			isa = PBXSourcesBuildPhase;
			buildActionMask = 2147483647;
			files = (
				1208CD2C1D5656B400EEF923 /* LoginViewController.swift in Sources */,
				1228D59D1D563CF0002C5EE9 /* RootViewController.swift in Sources */,
				1228D5A11D563CF0002C5EE9 /* ModelController.swift in Sources */,
				1228D59F1D563CF0002C5EE9 /* DataViewController.swift in Sources */,
				1228D59B1D563CF0002C5EE9 /* AppDelegate.swift in Sources */,
				122E6FAD1D573EEB009A4452 /* BarChartViewController.swift in Sources */,
				1208CD2E1D565D2200EEF923 /* AddNewViewController.swift in Sources */,
				1208CD2A1D56568900EEF923 /* MainViewController.swift in Sources */,
			);
			runOnlyForDeploymentPostprocessing = 0;
		};
		1228D5AB1D563CF0002C5EE9 /* Sources */ = {
			isa = PBXSourcesBuildPhase;
			buildActionMask = 2147483647;
			files = (
				1228D5B41D563CF0002C5EE9 /* This_or_ThisTests.swift in Sources */,
			);
			runOnlyForDeploymentPostprocessing = 0;
		};
		1228D5B61D563CF0002C5EE9 /* Sources */ = {
			isa = PBXSourcesBuildPhase;
			buildActionMask = 2147483647;
			files = (
				1228D5BF1D563CF0002C5EE9 /* This_or_ThisUITests.swift in Sources */,
			);
			runOnlyForDeploymentPostprocessing = 0;
		};
/* End PBXSourcesBuildPhase section */

/* Begin PBXTargetDependency section */
		1228D5B11D563CF0002C5EE9 /* PBXTargetDependency */ = {
			isa = PBXTargetDependency;
			target = 1228D5961D563CF0002C5EE9 /* This_or_This */;
			targetProxy = 1228D5B01D563CF0002C5EE9 /* PBXContainerItemProxy */;
		};
		1228D5BC1D563CF0002C5EE9 /* PBXTargetDependency */ = {
			isa = PBXTargetDependency;
			target = 1228D5961D563CF0002C5EE9 /* This_or_This */;
			targetProxy = 1228D5BB1D563CF0002C5EE9 /* PBXContainerItemProxy */;
		};
/* End PBXTargetDependency section */

/* Begin PBXVariantGroup section */
		1228D5A21D563CF0002C5EE9 /* Main.storyboard */ = {
			isa = PBXVariantGroup;
			children = (
				1228D5A31D563CF0002C5EE9 /* Base */,
			);
			name = Main.storyboard;
			sourceTree = "<group>";
		};
		1228D5A71D563CF0002C5EE9 /* LaunchScreen.storyboard */ = {
			isa = PBXVariantGroup;
			children = (
				1228D5A81D563CF0002C5EE9 /* Base */,
			);
			name = LaunchScreen.storyboard;
			sourceTree = "<group>";
		};
/* End PBXVariantGroup section */

/* Begin XCBuildConfiguration section */
		1228D5C11D563CF0002C5EE9 /* Debug */ = {
			isa = XCBuildConfiguration;
			buildSettings = {
				ALWAYS_SEARCH_USER_PATHS = NO;
				CLANG_CXX_LANGUAGE_STANDARD = "gnu++0x";
				CLANG_CXX_LIBRARY = "libc++";
				CLANG_ENABLE_MODULES = YES;
				CLANG_ENABLE_OBJC_ARC = YES;
				CLANG_WARN_BOOL_CONVERSION = YES;
				CLANG_WARN_CONSTANT_CONVERSION = YES;
				CLANG_WARN_DIRECT_OBJC_ISA_USAGE = YES_ERROR;
				CLANG_WARN_EMPTY_BODY = YES;
				CLANG_WARN_ENUM_CONVERSION = YES;
				CLANG_WARN_INT_CONVERSION = YES;
				CLANG_WARN_OBJC_ROOT_CLASS = YES_ERROR;
				CLANG_WARN_UNREACHABLE_CODE = YES;
				CLANG_WARN__DUPLICATE_METHOD_MATCH = YES;
				"CODE_SIGN_IDENTITY[sdk=iphoneos*]" = "iPhone Developer";
				COPY_PHASE_STRIP = NO;
				DEBUG_INFORMATION_FORMAT = dwarf;
				ENABLE_STRICT_OBJC_MSGSEND = YES;
				ENABLE_TESTABILITY = YES;
				GCC_C_LANGUAGE_STANDARD = gnu99;
				GCC_DYNAMIC_NO_PIC = NO;
				GCC_NO_COMMON_BLOCKS = YES;
				GCC_OPTIMIZATION_LEVEL = 0;
				GCC_PREPROCESSOR_DEFINITIONS = (
					"DEBUG=1",
					"$(inherited)",
				);
				GCC_WARN_64_TO_32_BIT_CONVERSION = YES;
				GCC_WARN_ABOUT_RETURN_TYPE = YES_ERROR;
				GCC_WARN_UNDECLARED_SELECTOR = YES;
				GCC_WARN_UNINITIALIZED_AUTOS = YES_AGGRESSIVE;
				GCC_WARN_UNUSED_FUNCTION = YES;
				GCC_WARN_UNUSED_VARIABLE = YES;
				IPHONEOS_DEPLOYMENT_TARGET = 9.2;
				MTL_ENABLE_DEBUG_INFO = YES;
				ONLY_ACTIVE_ARCH = YES;
				SDKROOT = iphoneos;
				SWIFT_OPTIMIZATION_LEVEL = "-Onone";
				TARGETED_DEVICE_FAMILY = "1,2";
			};
			name = Debug;
		};
		1228D5C21D563CF0002C5EE9 /* Release */ = {
			isa = XCBuildConfiguration;
			buildSettings = {
				ALWAYS_SEARCH_USER_PATHS = NO;
				CLANG_CXX_LANGUAGE_STANDARD = "gnu++0x";
				CLANG_CXX_LIBRARY = "libc++";
				CLANG_ENABLE_MODULES = YES;
				CLANG_ENABLE_OBJC_ARC = YES;
				CLANG_WARN_BOOL_CONVERSION = YES;
				CLANG_WARN_CONSTANT_CONVERSION = YES;
				CLANG_WARN_DIRECT_OBJC_ISA_USAGE = YES_ERROR;
				CLANG_WARN_EMPTY_BODY = YES;
				CLANG_WARN_ENUM_CONVERSION = YES;
				CLANG_WARN_INT_CONVERSION = YES;
				CLANG_WARN_OBJC_ROOT_CLASS = YES_ERROR;
				CLANG_WARN_UNREACHABLE_CODE = YES;
				CLANG_WARN__DUPLICATE_METHOD_MATCH = YES;
				"CODE_SIGN_IDENTITY[sdk=iphoneos*]" = "iPhone Developer";
				COPY_PHASE_STRIP = NO;
				DEBUG_INFORMATION_FORMAT = "dwarf-with-dsym";
				ENABLE_NS_ASSERTIONS = NO;
				ENABLE_STRICT_OBJC_MSGSEND = YES;
				GCC_C_LANGUAGE_STANDARD = gnu99;
				GCC_NO_COMMON_BLOCKS = YES;
				GCC_WARN_64_TO_32_BIT_CONVERSION = YES;
				GCC_WARN_ABOUT_RETURN_TYPE = YES_ERROR;
				GCC_WARN_UNDECLARED_SELECTOR = YES;
				GCC_WARN_UNINITIALIZED_AUTOS = YES_AGGRESSIVE;
				GCC_WARN_UNUSED_FUNCTION = YES;
				GCC_WARN_UNUSED_VARIABLE = YES;
				IPHONEOS_DEPLOYMENT_TARGET = 9.2;
				MTL_ENABLE_DEBUG_INFO = NO;
				SDKROOT = iphoneos;
				TARGETED_DEVICE_FAMILY = "1,2";
				VALIDATE_PRODUCT = YES;
			};
			name = Release;
		};
		1228D5C41D563CF0002C5EE9 /* Debug */ = {
			isa = XCBuildConfiguration;
			baseConfigurationReference = 40485D60A8231639FCBC2EC4 /* Pods-This_or_This.debug.xcconfig */;
			buildSettings = {
				ASSETCATALOG_COMPILER_APPICON_NAME = AppIcon;
				CODE_SIGN_IDENTITY = "iPhone Developer";
				INFOPLIST_FILE = This_or_This/Info.plist;
				IPHONEOS_DEPLOYMENT_TARGET = 9.2;
				LD_RUNPATH_SEARCH_PATHS = "$(inherited) @executable_path/Frameworks";
				PRODUCT_BUNDLE_IDENTIFIER = "com.Example.This-or-This";
				PRODUCT_NAME = "$(TARGET_NAME)";
			};
			name = Debug;
		};
		1228D5C51D563CF0002C5EE9 /* Release */ = {
			isa = XCBuildConfiguration;
			baseConfigurationReference = 27B9B4E58BF8CA674C1FA941 /* Pods-This_or_This.release.xcconfig */;
			buildSettings = {
				ASSETCATALOG_COMPILER_APPICON_NAME = AppIcon;
				CODE_SIGN_IDENTITY = "iPhone Developer";
				INFOPLIST_FILE = This_or_This/Info.plist;
				IPHONEOS_DEPLOYMENT_TARGET = 9.2;
				LD_RUNPATH_SEARCH_PATHS = "$(inherited) @executable_path/Frameworks";
				PRODUCT_BUNDLE_IDENTIFIER = "com.Example.This-or-This";
				PRODUCT_NAME = "$(TARGET_NAME)";
			};
			name = Release;
		};
		1228D5C71D563CF0002C5EE9 /* Debug */ = {
			isa = XCBuildConfiguration;
			buildSettings = {
				BUNDLE_LOADER = "$(TEST_HOST)";
				INFOPLIST_FILE = This_or_ThisTests/Info.plist;
				LD_RUNPATH_SEARCH_PATHS = "$(inherited) @executable_path/Frameworks @loader_path/Frameworks";
				PRODUCT_BUNDLE_IDENTIFIER = "com.Example.This-or-ThisTests";
				PRODUCT_NAME = "$(TARGET_NAME)";
				TEST_HOST = "$(BUILT_PRODUCTS_DIR)/This_or_This.app/This_or_This";
			};
			name = Debug;
		};
		1228D5C81D563CF0002C5EE9 /* Release */ = {
			isa = XCBuildConfiguration;
			buildSettings = {
				BUNDLE_LOADER = "$(TEST_HOST)";
				INFOPLIST_FILE = This_or_ThisTests/Info.plist;
				LD_RUNPATH_SEARCH_PATHS = "$(inherited) @executable_path/Frameworks @loader_path/Frameworks";
				PRODUCT_BUNDLE_IDENTIFIER = "com.Example.This-or-ThisTests";
				PRODUCT_NAME = "$(TARGET_NAME)";
				TEST_HOST = "$(BUILT_PRODUCTS_DIR)/This_or_This.app/This_or_This";
			};
			name = Release;
		};
		1228D5CA1D563CF0002C5EE9 /* Debug */ = {
			isa = XCBuildConfiguration;
			buildSettings = {
				INFOPLIST_FILE = This_or_ThisUITests/Info.plist;
				LD_RUNPATH_SEARCH_PATHS = "$(inherited) @executable_path/Frameworks @loader_path/Frameworks";
				PRODUCT_BUNDLE_IDENTIFIER = "com.Example.This-or-ThisUITests";
				PRODUCT_NAME = "$(TARGET_NAME)";
				TEST_TARGET_NAME = This_or_This;
				USES_XCTRUNNER = YES;
			};
			name = Debug;
		};
		1228D5CB1D563CF0002C5EE9 /* Release */ = {
			isa = XCBuildConfiguration;
			buildSettings = {
				INFOPLIST_FILE = This_or_ThisUITests/Info.plist;
				LD_RUNPATH_SEARCH_PATHS = "$(inherited) @executable_path/Frameworks @loader_path/Frameworks";
				PRODUCT_BUNDLE_IDENTIFIER = "com.Example.This-or-ThisUITests";
				PRODUCT_NAME = "$(TARGET_NAME)";
				TEST_TARGET_NAME = This_or_This;
				USES_XCTRUNNER = YES;
			};
			name = Release;
		};
/* End XCBuildConfiguration section */

/* Begin XCConfigurationList section */
		1228D5921D563CF0002C5EE9 /* Build configuration list for PBXProject "This_or_This" */ = {
			isa = XCConfigurationList;
			buildConfigurations = (
				1228D5C11D563CF0002C5EE9 /* Debug */,
				1228D5C21D563CF0002C5EE9 /* Release */,
			);
			defaultConfigurationIsVisible = 0;
			defaultConfigurationName = Release;
		};
		1228D5C31D563CF0002C5EE9 /* Build configuration list for PBXNativeTarget "This_or_This" */ = {
			isa = XCConfigurationList;
			buildConfigurations = (
				1228D5C41D563CF0002C5EE9 /* Debug */,
				1228D5C51D563CF0002C5EE9 /* Release */,
			);
			defaultConfigurationIsVisible = 0;
			defaultConfigurationName = Release;
		};
		1228D5C61D563CF0002C5EE9 /* Build configuration list for PBXNativeTarget "This_or_ThisTests" */ = {
			isa = XCConfigurationList;
			buildConfigurations = (
				1228D5C71D563CF0002C5EE9 /* Debug */,
				1228D5C81D563CF0002C5EE9 /* Release */,
			);
			defaultConfigurationIsVisible = 0;
			defaultConfigurationName = Release;
		};
		1228D5C91D563CF0002C5EE9 /* Build configuration list for PBXNativeTarget "This_or_ThisUITests" */ = {
			isa = XCConfigurationList;
			buildConfigurations = (
				1228D5CA1D563CF0002C5EE9 /* Debug */,
				1228D5CB1D563CF0002C5EE9 /* Release */,
			);
			defaultConfigurationIsVisible = 0;
			defaultConfigurationName = Release;
		};
/* End XCConfigurationList section */
	};
	rootObject = 1228D58F1D563CF0002C5EE9 /* Project object */;
}
